<Solution>
  <Configurations>
    <Platform Name="ARM64" />
    <Platform Name="x64" />
    <Platform Name="x86" />
  </Configurations>
  <Project Path="FileSystemViewer.UnitTests/FileSystemViewer.UnitTests.csproj" Id="27f58835-0861-4dab-917b-a8ce45672f79" />
  <Project Path="FileSystemViewer/FileSystemViewer.csproj">
    <Platform Solution="*|ARM64" Project="ARM64" />
    <Platform Solution="*|x64" Project="x64" />
    <Platform Solution="*|x86" Project="x86" />
    <Deploy />
  </Project>
  <Project Path="ModernControls/ModernControls.csproj" Id="40d1ad8a-634b-4d85-b9bd-f79c9c8fee6b" />
</Solution>
